# THIS IS AN AUTOGENERATED FILE. DO NOT EDIT THIS FILE DIRECTLY.
# yarn lockfile v1


graphql@^15.5.0:
  version "15.5.0"
  resolved "https://registry.yarnpkg.com/graphql/-/graphql-15.5.0.tgz#39d19494dbe69d1ea719915b578bf920344a69d5"
  integrity sha512-OmaM7y0kaK31NKG31q4YbD2beNYa6jBBKtMFT6gLYJljHLJr42IqJ8KX08u3Li/0ifzTU5HjmoOOrwa5BRLeDA==

node-fetch@^2.6.1:
  version "2.6.1"
  resolved "https://registry.yarnpkg.com/node-fetch/-/node-fetch-2.6.1.tgz#045bd323631f76ed2e2b55573394416b639a0052"
  integrity sha512-V4aYg89jEoVRxRb2fJdAg8FHvI7cEyYdVAh94HH0UIK8oJxUfkjlDQN9RbMx+bEjP7+ggMiFRprSti032Oipxw==
